PODS:
  - BEMCheckBox (1.4.1)
  - boost-for-react-native (1.63.0)
  - BVLinearGradient (2.8.2):
    - React-Core
  - CocoaAsyncSocket (7.6.5)
  - DoubleConversion (1.1.6)
  - FBLazyVector (0.65.1)
  - FBReactNativeSpec (0.65.1):
    - RCT-Folly (= 2021.04.26.00)
    - RCTRequired (= 0.65.1)
    - RCTTypeSafety (= 0.65.1)
    - React-Core (= 0.65.1)
    - React-jsi (= 0.65.1)
    - ReactCommon/turbomodule/core (= 0.65.1)
  - Firebase/CoreOnly (8.15.0):
    - FirebaseCore (= 8.15.0)
  - Firebase/DynamicLinks (8.15.0):
    - Firebase/CoreOnly
    - FirebaseDynamicLinks (~> 8.15.0)
  - Firebase/Messaging (8.15.0):
    - Firebase/CoreOnly
    - FirebaseMessaging (~> 8.15.0)
  - FirebaseCore (8.15.0):
    - FirebaseCoreDiagnostics (~> 8.0)
    - GoogleUtilities/Environment (~> 7.7)
    - GoogleUtilities/Logger (~> 7.7)
  - FirebaseCoreDiagnostics (8.15.0):
    - GoogleDataTransport (~> 9.1)
    - GoogleUtilities/Environment (~> 7.7)
    - GoogleUtilities/Logger (~> 7.7)
    - nanopb (~> 2.30908.0)
  - FirebaseDynamicLinks (8.15.0):
    - FirebaseCore (~> 8.0)
  - FirebaseInstallations (8.15.0):
    - FirebaseCore (~> 8.0)
    - GoogleUtilities/Environment (~> 7.7)
    - GoogleUtilities/UserDefaults (~> 7.7)
    - PromisesObjC (< 3.0, >= 1.2)
  - FirebaseMessaging (8.15.0):
    - FirebaseCore (~> 8.0)
    - FirebaseInstallations (~> 8.0)
    - GoogleDataTransport (~> 9.1)
    - GoogleUtilities/AppDelegateSwizzler (~> 7.7)
    - GoogleUtilities/Environment (~> 7.7)
    - GoogleUtilities/Reachability (~> 7.7)
    - GoogleUtilities/UserDefaults (~> 7.7)
    - nanopb (~> 2.30908.0)
  - Flipper (0.93.0):
    - Flipper-Folly (~> 2.6)
    - Flipper-RSocket (~> 1.4)
  - Flipper-Boost-iOSX (1.76.0.1.11)
  - Flipper-DoubleConversion (3.1.7)
  - Flipper-Fmt (7.1.7)
  - Flipper-Folly (2.6.7):
    - Flipper-Boost-iOSX
    - Flipper-DoubleConversion
    - Flipper-Fmt (= 7.1.7)
    - Flipper-Glog
    - libevent (~> 2.1.12)
    - OpenSSL-Universal (= 1.1.180)
  - Flipper-Glog (0.3.6)
  - Flipper-PeerTalk (0.0.4)
  - Flipper-RSocket (1.4.3):
    - Flipper-Folly (~> 2.6)
  - FlipperKit (0.93.0):
    - FlipperKit/Core (= 0.93.0)
  - FlipperKit/Core (0.93.0):
    - Flipper (~> 0.93.0)
    - FlipperKit/CppBridge
    - FlipperKit/FBCxxFollyDynamicConvert
    - FlipperKit/FBDefines
    - FlipperKit/FKPortForwarding
  - FlipperKit/CppBridge (0.93.0):
    - Flipper (~> 0.93.0)
  - FlipperKit/FBCxxFollyDynamicConvert (0.93.0):
    - Flipper-Folly (~> 2.6)
  - FlipperKit/FBDefines (0.93.0)
  - FlipperKit/FKPortForwarding (0.93.0):
    - CocoaAsyncSocket (~> 7.6)
    - Flipper-PeerTalk (~> 0.0.4)
  - FlipperKit/FlipperKitHighlightOverlay (0.93.0)
  - FlipperKit/FlipperKitLayoutHelpers (0.93.0):
    - FlipperKit/Core
    - FlipperKit/FlipperKitHighlightOverlay
    - FlipperKit/FlipperKitLayoutTextSearchable
  - FlipperKit/FlipperKitLayoutIOSDescriptors (0.93.0):
    - FlipperKit/Core
    - FlipperKit/FlipperKitHighlightOverlay
    - FlipperKit/FlipperKitLayoutHelpers
    - YogaKit (~> 1.18)
  - FlipperKit/FlipperKitLayoutPlugin (0.93.0):
    - FlipperKit/Core
    - FlipperKit/FlipperKitHighlightOverlay
    - FlipperKit/FlipperKitLayoutHelpers
    - FlipperKit/FlipperKitLayoutIOSDescriptors
    - FlipperKit/FlipperKitLayoutTextSearchable
    - YogaKit (~> 1.18)
  - FlipperKit/FlipperKitLayoutTextSearchable (0.93.0)
  - FlipperKit/FlipperKitNetworkPlugin (0.93.0):
    - FlipperKit/Core
  - FlipperKit/FlipperKitReactPlugin (0.93.0):
    - FlipperKit/Core
  - FlipperKit/FlipperKitUserDefaultsPlugin (0.93.0):
    - FlipperKit/Core
  - FlipperKit/SKIOSNetworkPlugin (0.93.0):
    - FlipperKit/Core
    - FlipperKit/FlipperKitNetworkPlugin
  - fmt (6.2.1)
  - glog (0.3.5)
  - GoogleDataTransport (9.2.5):
    - GoogleUtilities/Environment (~> 7.7)
    - nanopb (< 2.30910.0, >= 2.30908.0)
    - PromisesObjC (< 3.0, >= 1.2)
  - GoogleUtilities/AppDelegateSwizzler (7.11.5):
    - GoogleUtilities/Environment
    - GoogleUtilities/Logger
    - GoogleUtilities/Network
  - GoogleUtilities/Environment (7.11.5):
    - PromisesObjC (< 3.0, >= 1.2)
  - GoogleUtilities/Logger (7.11.5):
    - GoogleUtilities/Environment
  - GoogleUtilities/Network (7.11.5):
    - GoogleUtilities/Logger
    - "GoogleUtilities/NSData+zlib"
    - GoogleUtilities/Reachability
  - "GoogleUtilities/NSData+zlib (7.11.5)"
  - GoogleUtilities/Reachability (7.11.5):
    - GoogleUtilities/Logger
  - GoogleUtilities/UserDefaults (7.11.5):
    - GoogleUtilities/Logger
  - HTMLReader (2.2.1)
  - KTVCocoaHTTPServer (1.0.0):
    - CocoaAsyncSocket
  - KTVHTTPCache (2.0.1):
    - KTVCocoaHTTPServer
  - libevent (2.1.12)
  - libwebp (1.3.1):
    - libwebp/demux (= 1.3.1)
    - libwebp/mux (= 1.3.1)
    - libwebp/sharpyuv (= 1.3.1)
    - libwebp/webp (= 1.3.1)
  - libwebp/demux (1.3.1):
    - libwebp/webp
  - libwebp/mux (1.3.1):
    - libwebp/demux
  - libwebp/sharpyuv (1.3.1)
  - libwebp/webp (1.3.1):
    - libwebp/sharpyuv
  - LinkPreviewKit (0.4.1):
    - HTMLReader
  - lowkey-react-native-link-preview (0.2.2):
    - LinkPreviewKit
    - React-Core
  - nanopb (2.30908.0):
    - nanopb/decode (= 2.30908.0)
    - nanopb/encode (= 2.30908.0)
  - nanopb/decode (2.30908.0)
  - nanopb/encode (2.30908.0)
  - OpenSSL-Universal (1.1.180)
  - PromisesObjC (2.3.1)
  - RCT-Folly (2021.04.26.00):
    - boost-for-react-native
    - DoubleConversion
    - fmt (~> 6.2.1)
    - glog
    - RCT-Folly/Default (= 2021.04.26.00)
  - RCT-Folly/Default (2021.04.26.00):
    - boost-for-react-native
    - DoubleConversion
    - fmt (~> 6.2.1)
    - glog
  - RCTRequired (0.65.1)
  - RCTTypeSafety (0.65.1):
    - FBLazyVector (= 0.65.1)
    - RCT-Folly (= 2021.04.26.00)
    - RCTRequired (= 0.65.1)
    - React-Core (= 0.65.1)
  - React (0.65.1):
    - React-Core (= 0.65.1)
    - React-Core/DevSupport (= 0.65.1)
    - React-Core/RCTWebSocket (= 0.65.1)
    - React-RCTActionSheet (= 0.65.1)
    - React-RCTAnimation (= 0.65.1)
    - React-RCTBlob (= 0.65.1)
    - React-RCTImage (= 0.65.1)
    - React-RCTLinking (= 0.65.1)
    - React-RCTNetwork (= 0.65.1)
    - React-RCTSettings (= 0.65.1)
    - React-RCTText (= 0.65.1)
    - React-RCTVibration (= 0.65.1)
  - React-callinvoker (0.65.1)
  - React-Core (0.65.1):
    - glog
    - RCT-Folly (= 2021.04.26.00)
    - React-Core/Default (= 0.65.1)
    - React-cxxreact (= 0.65.1)
    - React-jsi (= 0.65.1)
    - React-jsiexecutor (= 0.65.1)
    - React-perflogger (= 0.65.1)
    - Yoga
  - React-Core/CoreModulesHeaders (0.65.1):
    - glog
    - RCT-Folly (= 2021.04.26.00)
    - React-Core/Default
    - React-cxxreact (= 0.65.1)
    - React-jsi (= 0.65.1)
    - React-jsiexecutor (= 0.65.1)
    - React-perflogger (= 0.65.1)
    - Yoga
  - React-Core/Default (0.65.1):
    - glog
    - RCT-Folly (= 2021.04.26.00)
    - React-cxxreact (= 0.65.1)
    - React-jsi (= 0.65.1)
    - React-jsiexecutor (= 0.65.1)
    - React-perflogger (= 0.65.1)
    - Yoga
  - React-Core/DevSupport (0.65.1):
    - glog
    - RCT-Folly (= 2021.04.26.00)
    - React-Core/Default (= 0.65.1)
    - React-Core/RCTWebSocket (= 0.65.1)
    - React-cxxreact (= 0.65.1)
    - React-jsi (= 0.65.1)
    - React-jsiexecutor (= 0.65.1)
    - React-jsinspector (= 0.65.1)
    - React-perflogger (= 0.65.1)
    - Yoga
  - React-Core/RCTActionSheetHeaders (0.65.1):
    - glog
    - RCT-Folly (= 2021.04.26.00)
    - React-Core/Default
    - React-cxxreact (= 0.65.1)
    - React-jsi (= 0.65.1)
    - React-jsiexecutor (= 0.65.1)
    - React-perflogger (= 0.65.1)
    - Yoga
  - React-Core/RCTAnimationHeaders (0.65.1):
    - glog
    - RCT-Folly (= 2021.04.26.00)
    - React-Core/Default
    - React-cxxreact (= 0.65.1)
    - React-jsi (= 0.65.1)
    - React-jsiexecutor (= 0.65.1)
    - React-perflogger (= 0.65.1)
    - Yoga
  - React-Core/RCTBlobHeaders (0.65.1):
    - glog
    - RCT-Folly (= 2021.04.26.00)
    - React-Core/Default
    - React-cxxreact (= 0.65.1)
    - React-jsi (= 0.65.1)
    - React-jsiexecutor (= 0.65.1)
    - React-perflogger (= 0.65.1)
    - Yoga
  - React-Core/RCTImageHeaders (0.65.1):
    - glog
    - RCT-Folly (= 2021.04.26.00)
    - React-Core/Default
    - React-cxxreact (= 0.65.1)
    - React-jsi (= 0.65.1)
    - React-jsiexecutor (= 0.65.1)
    - React-perflogger (= 0.65.1)
    - Yoga
  - React-Core/RCTLinkingHeaders (0.65.1):
    - glog
    - RCT-Folly (= 2021.04.26.00)
    - React-Core/Default
    - React-cxxreact (= 0.65.1)
    - React-jsi (= 0.65.1)
    - React-jsiexecutor (= 0.65.1)
    - React-perflogger (= 0.65.1)
    - Yoga
  - React-Core/RCTNetworkHeaders (0.65.1):
    - glog
    - RCT-Folly (= 2021.04.26.00)
    - React-Core/Default
    - React-cxxreact (= 0.65.1)
    - React-jsi (= 0.65.1)
    - React-jsiexecutor (= 0.65.1)
    - React-perflogger (= 0.65.1)
    - Yoga
  - React-Core/RCTSettingsHeaders (0.65.1):
    - glog
    - RCT-Folly (= 2021.04.26.00)
    - React-Core/Default
    - React-cxxreact (= 0.65.1)
    - React-jsi (= 0.65.1)
    - React-jsiexecutor (= 0.65.1)
    - React-perflogger (= 0.65.1)
    - Yoga
  - React-Core/RCTTextHeaders (0.65.1):
    - glog
    - RCT-Folly (= 2021.04.26.00)
    - React-Core/Default
    - React-cxxreact (= 0.65.1)
    - React-jsi (= 0.65.1)
    - React-jsiexecutor (= 0.65.1)
    - React-perflogger (= 0.65.1)
    - Yoga
  - React-Core/RCTVibrationHeaders (0.65.1):
    - glog
    - RCT-Folly (= 2021.04.26.00)
    - React-Core/Default
    - React-cxxreact (= 0.65.1)
    - React-jsi (= 0.65.1)
    - React-jsiexecutor (= 0.65.1)
    - React-perflogger (= 0.65.1)
    - Yoga
  - React-Core/RCTWebSocket (0.65.1):
    - glog
    - RCT-Folly (= 2021.04.26.00)
    - React-Core/Default (= 0.65.1)
    - React-cxxreact (= 0.65.1)
    - React-jsi (= 0.65.1)
    - React-jsiexecutor (= 0.65.1)
    - React-perflogger (= 0.65.1)
    - Yoga
  - React-CoreModules (0.65.1):
    - FBReactNativeSpec (= 0.65.1)
    - RCT-Folly (= 2021.04.26.00)
    - RCTTypeSafety (= 0.65.1)
    - React-Core/CoreModulesHeaders (= 0.65.1)
    - React-jsi (= 0.65.1)
    - React-RCTImage (= 0.65.1)
    - ReactCommon/turbomodule/core (= 0.65.1)
  - React-cxxreact (0.65.1):
    - boost-for-react-native (= 1.63.0)
    - DoubleConversion
    - glog
    - RCT-Folly (= 2021.04.26.00)
    - React-callinvoker (= 0.65.1)
    - React-jsi (= 0.65.1)
    - React-jsinspector (= 0.65.1)
    - React-perflogger (= 0.65.1)
    - React-runtimeexecutor (= 0.65.1)
  - React-jsi (0.65.1):
    - boost-for-react-native (= 1.63.0)
    - DoubleConversion
    - glog
    - RCT-Folly (= 2021.04.26.00)
    - React-jsi/Default (= 0.65.1)
  - React-jsi/Default (0.65.1):
    - boost-for-react-native (= 1.63.0)
    - DoubleConversion
    - glog
    - RCT-Folly (= 2021.04.26.00)
  - React-jsiexecutor (0.65.1):
    - DoubleConversion
    - glog
    - RCT-Folly (= 2021.04.26.00)
    - React-cxxreact (= 0.65.1)
    - React-jsi (= 0.65.1)
    - React-perflogger (= 0.65.1)
  - React-jsinspector (0.65.1)
  - react-native-background-timer (2.4.1):
    - React-Core
  - react-native-contacts (7.0.7):
    - React-Core
  - react-native-create-thumbnail (1.6.4):
    - React-Core
  - react-native-date-picker (4.2.14):
    - React-Core
  - react-native-document-picker (7.1.3):
    - React-Core
  - react-native-image-picker (4.10.3):
    - React-Core
  - react-native-netinfo (9.4.1):
    - React-Core
  - react-native-pager-view (5.4.25):
    - React-Core
  - react-native-safe-area-context (3.4.1):
    - React-Core
  - react-native-splash-screen (3.3.0):
    - React-Core
  - react-native-video (5.2.1):
    - React-Core
    - react-native-video/Video (= 5.2.1)
  - react-native-video-cache (2.7.3):
    - KTVHTTPCache (~> 2.0.0)
    - React
  - react-native-video/Video (5.2.1):
    - React-Core
  - react-native-view-shot (3.7.0):
    - React-Core
  - react-native-webview (11.26.1):
    - React-Core
  - React-perflogger (0.65.1)
  - React-RCTActionSheet (0.65.1):
    - React-Core/RCTActionSheetHeaders (= 0.65.1)
  - React-RCTAnimation (0.65.1):
    - FBReactNativeSpec (= 0.65.1)
    - RCT-Folly (= 2021.04.26.00)
    - RCTTypeSafety (= 0.65.1)
    - React-Core/RCTAnimationHeaders (= 0.65.1)
    - React-jsi (= 0.65.1)
    - ReactCommon/turbomodule/core (= 0.65.1)
  - React-RCTBlob (0.65.1):
    - FBReactNativeSpec (= 0.65.1)
    - RCT-Folly (= 2021.04.26.00)
    - React-Core/RCTBlobHeaders (= 0.65.1)
    - React-Core/RCTWebSocket (= 0.65.1)
    - React-jsi (= 0.65.1)
    - React-RCTNetwork (= 0.65.1)
    - ReactCommon/turbomodule/core (= 0.65.1)
  - React-RCTImage (0.65.1):
    - FBReactNativeSpec (= 0.65.1)
    - RCT-Folly (= 2021.04.26.00)
    - RCTTypeSafety (= 0.65.1)
    - React-Core/RCTImageHeaders (= 0.65.1)
    - React-jsi (= 0.65.1)
    - React-RCTNetwork (= 0.65.1)
    - ReactCommon/turbomodule/core (= 0.65.1)
  - React-RCTLinking (0.65.1):
    - FBReactNativeSpec (= 0.65.1)
    - React-Core/RCTLinkingHeaders (= 0.65.1)
    - React-jsi (= 0.65.1)
    - ReactCommon/turbomodule/core (= 0.65.1)
  - React-RCTNetwork (0.65.1):
    - FBReactNativeSpec (= 0.65.1)
    - RCT-Folly (= 2021.04.26.00)
    - RCTTypeSafety (= 0.65.1)
    - React-Core/RCTNetworkHeaders (= 0.65.1)
    - React-jsi (= 0.65.1)
    - ReactCommon/turbomodule/core (= 0.65.1)
  - React-RCTSettings (0.65.1):
    - FBReactNativeSpec (= 0.65.1)
    - RCT-Folly (= 2021.04.26.00)
    - RCTTypeSafety (= 0.65.1)
    - React-Core/RCTSettingsHeaders (= 0.65.1)
    - React-jsi (= 0.65.1)
    - ReactCommon/turbomodule/core (= 0.65.1)
  - React-RCTText (0.65.1):
    - React-Core/RCTTextHeaders (= 0.65.1)
  - React-RCTVibration (0.65.1):
    - FBReactNativeSpec (= 0.65.1)
    - RCT-Folly (= 2021.04.26.00)
    - React-Core/RCTVibrationHeaders (= 0.65.1)
    - React-jsi (= 0.65.1)
    - ReactCommon/turbomodule/core (= 0.65.1)
  - React-runtimeexecutor (0.65.1):
    - React-jsi (= 0.65.1)
  - ReactCommon/turbomodule/core (0.65.1):
    - DoubleConversion
    - glog
    - RCT-Folly (= 2021.04.26.00)
    - React-callinvoker (= 0.65.1)
    - React-Core (= 0.65.1)
    - React-cxxreact (= 0.65.1)
    - React-jsi (= 0.65.1)
    - React-perflogger (= 0.65.1)
  - RNAppleHealthKit (1.7.0):
    - React
  - RNAudio (4.3.0):
    - React
  - RNAudioRecord (0.2.2):
    - React
  - RNBootSplash (4.7.5):
    - React-Core
  - RNCalendarEvents (2.2.0):
    - React
  - RNCAsyncStorage (1.19.3):
    - React-Core
  - RNCCheckbox (0.5.16):
    - BEMCheckBox (~> 1.4)
    - React-Core
  - RNCMaskedView (0.2.9):
    - React-Core
  - RNCPicker (1.16.8):
    - React-Core
  - RNDeviceInfo (8.7.1):
    - React-Core
  - RNFastImage (8.6.3):
    - React-Core
    - SDWebImage (~> 5.11.1)
    - SDWebImageWebPCoder (~> 0.8.4)
  - RNFBApp (14.12.0):
    - Firebase/CoreOnly (= 8.15.0)
    - React-Core
  - RNFBDynamicLinks (14.12.0):
    - Firebase/DynamicLinks (= 8.15.0)
    - GoogleUtilities/AppDelegateSwizzler
    - React-Core
    - RNFBApp
  - RNFBMessaging (14.12.0):
    - Firebase/Messaging (= 8.15.0)
    - React-Core
    - RNFBApp
  - RNFS (2.20.0):
    - React-Core
  - RNGestureHandler (1.10.3):
    - React-Core
  - RNIap (7.5.0):
    - React-Core
  - RNImageToPdf (1.2.0):
    - React
  - RNReactNativeHapticFeedback (2.0.3):
    - React-Core
  - RNReanimated (2.2.2):
    - DoubleConversion
    - FBLazyVector
    - FBReactNativeSpec
    - glog
    - RCT-Folly
    - RCTRequired
    - RCTTypeSafety
    - React
    - React-callinvoker
    - React-Core
    - React-Core/DevSupport
    - React-Core/RCTWebSocket
    - React-CoreModules
    - React-cxxreact
    - React-jsi
    - React-jsiexecutor
    - React-jsinspector
    - React-RCTActionSheet
    - React-RCTAnimation
    - React-RCTBlob
    - React-RCTImage
    - React-RCTLinking
    - React-RCTNetwork
    - React-RCTSettings
    - React-RCTText
    - React-RCTVibration
    - ReactCommon/turbomodule/core
    - Yoga
  - RNScreens (3.25.0):
    - React-Core
    - React-RCTImage
  - RNShare (7.9.1):
    - React-Core
  - RNSound (0.11.2):
    - React-Core
    - RNSound/Core (= 0.11.2)
  - RNSound/Core (0.11.2):
    - React-Core
  - RNSoundPlayer (0.11.3):
    - React
  - RNSVG (13.13.0):
    - React-Core
  - RNVectorIcons (8.1.0):
    - React-Core
  - SDWebImage (5.11.1):
    - SDWebImage/Core (= 5.11.1)
  - SDWebImage/Core (5.11.1)
  - SDWebImageWebPCoder (0.8.5):
    - libwebp (~> 1.0)
    - SDWebImage/Core (~> 5.10)
  - TextToSpeech (4.1.0):
    - React
  - Yoga (1.14.0)
  - YogaKit (1.18.1):
    - Yoga (~> 1.14)

DEPENDENCIES:
  - BVLinearGradient (from `../node_modules/react-native-linear-gradient`)
  - DoubleConversion (from `../node_modules/react-native/third-party-podspecs/DoubleConversion.podspec`)
  - FBLazyVector (from `../node_modules/react-native/Libraries/FBLazyVector`)
  - FBReactNativeSpec (from `../node_modules/react-native/React/FBReactNativeSpec`)
  - Flipper (= 0.93.0)
  - Flipper-Boost-iOSX (= 1.76.0.1.11)
  - Flipper-DoubleConversion (= 3.1.7)
  - Flipper-Fmt (= 7.1.7)
  - Flipper-Folly (= 2.6.7)
  - Flipper-Glog (= 0.3.6)
  - Flipper-PeerTalk (= 0.0.4)
  - Flipper-RSocket (= 1.4.3)
  - FlipperKit (= 0.93.0)
  - FlipperKit/Core (= 0.93.0)
  - FlipperKit/CppBridge (= 0.93.0)
  - FlipperKit/FBCxxFollyDynamicConvert (= 0.93.0)
  - FlipperKit/FBDefines (= 0.93.0)
  - FlipperKit/FKPortForwarding (= 0.93.0)
  - FlipperKit/FlipperKitHighlightOverlay (= 0.93.0)
  - FlipperKit/FlipperKitLayoutPlugin (= 0.93.0)
  - FlipperKit/FlipperKitLayoutTextSearchable (= 0.93.0)
  - FlipperKit/FlipperKitNetworkPlugin (= 0.93.0)
  - FlipperKit/FlipperKitReactPlugin (= 0.93.0)
  - FlipperKit/FlipperKitUserDefaultsPlugin (= 0.93.0)
  - FlipperKit/SKIOSNetworkPlugin (= 0.93.0)
  - glog (from `../node_modules/react-native/third-party-podspecs/glog.podspec`)
  - "lowkey-react-native-link-preview (from `../node_modules/@lowkey/react-native-link-preview`)"
  - RCT-Folly (from `../node_modules/react-native/third-party-podspecs/RCT-Folly.podspec`)
  - RCTRequired (from `../node_modules/react-native/Libraries/RCTRequired`)
  - RCTTypeSafety (from `../node_modules/react-native/Libraries/TypeSafety`)
  - React (from `../node_modules/react-native/`)
  - React-callinvoker (from `../node_modules/react-native/ReactCommon/callinvoker`)
  - React-Core (from `../node_modules/react-native/`)
  - React-Core/DevSupport (from `../node_modules/react-native/`)
  - React-Core/RCTWebSocket (from `../node_modules/react-native/`)
  - React-CoreModules (from `../node_modules/react-native/React/CoreModules`)
  - React-cxxreact (from `../node_modules/react-native/ReactCommon/cxxreact`)
  - React-jsi (from `../node_modules/react-native/ReactCommon/jsi`)
  - React-jsiexecutor (from `../node_modules/react-native/ReactCommon/jsiexecutor`)
  - React-jsinspector (from `../node_modules/react-native/ReactCommon/jsinspector`)
  - react-native-background-timer (from `../node_modules/react-native-background-timer`)
  - react-native-contacts (from `../node_modules/react-native-contacts`)
  - react-native-create-thumbnail (from `../node_modules/react-native-create-thumbnail`)
  - react-native-date-picker (from `../node_modules/react-native-date-picker`)
  - react-native-document-picker (from `../node_modules/react-native-document-picker`)
  - react-native-image-picker (from `../node_modules/react-native-image-picker`)
  - "react-native-netinfo (from `../node_modules/@react-native-community/netinfo`)"
  - react-native-pager-view (from `../node_modules/react-native-pager-view`)
  - react-native-safe-area-context (from `../node_modules/react-native-safe-area-context`)
  - react-native-splash-screen (from `../node_modules/react-native-splash-screen`)
  - react-native-video (from `../node_modules/react-native-video`)
  - react-native-video-cache (from `../node_modules/react-native-video-cache`)
  - react-native-view-shot (from `../node_modules/react-native-view-shot`)
  - react-native-webview (from `../node_modules/react-native-webview`)
  - React-perflogger (from `../node_modules/react-native/ReactCommon/reactperflogger`)
  - React-RCTActionSheet (from `../node_modules/react-native/Libraries/ActionSheetIOS`)
  - React-RCTAnimation (from `../node_modules/react-native/Libraries/NativeAnimation`)
  - React-RCTBlob (from `../node_modules/react-native/Libraries/Blob`)
  - React-RCTImage (from `../node_modules/react-native/Libraries/Image`)
  - React-RCTLinking (from `../node_modules/react-native/Libraries/LinkingIOS`)
  - React-RCTNetwork (from `../node_modules/react-native/Libraries/Network`)
  - React-RCTSettings (from `../node_modules/react-native/Libraries/Settings`)
  - React-RCTText (from `../node_modules/react-native/Libraries/Text`)
  - React-RCTVibration (from `../node_modules/react-native/Libraries/Vibration`)
  - React-runtimeexecutor (from `../node_modules/react-native/ReactCommon/runtimeexecutor`)
  - ReactCommon/turbomodule/core (from `../node_modules/react-native/ReactCommon`)
  - RNAppleHealthKit (from `../node_modules/react-native-health`)
  - RNAudio (from `../node_modules/react-native-audio`)
  - RNAudioRecord (from `../node_modules/react-native-audio-record`)
  - RNBootSplash (from `../node_modules/react-native-bootsplash`)
  - RNCalendarEvents (from `../node_modules/react-native-calendar-events`)
  - "RNCAsyncStorage (from `../node_modules/@react-native-async-storage/async-storage`)"
  - "RNCCheckbox (from `../node_modules/@react-native-community/checkbox`)"
  - "RNCMaskedView (from `../node_modules/@react-native-masked-view/masked-view`)"
  - "RNCPicker (from `../node_modules/@react-native-picker/picker`)"
  - RNDeviceInfo (from `../node_modules/react-native-device-info`)
  - RNFastImage (from `../node_modules/react-native-fast-image`)
  - "RNFBApp (from `../node_modules/@react-native-firebase/app`)"
  - "RNFBDynamicLinks (from `../node_modules/@react-native-firebase/dynamic-links`)"
  - "RNFBMessaging (from `../node_modules/@react-native-firebase/messaging`)"
  - RNFS (from `../node_modules/react-native-fs`)
  - RNGestureHandler (from `../node_modules/react-native-gesture-handler`)
  - RNIap (from `../node_modules/react-native-iap`)
  - RNImageToPdf (from `../node_modules/react-native-image-to-pdf`)
  - RNReactNativeHapticFeedback (from `../node_modules/react-native-haptic-feedback`)
  - RNReanimated (from `../node_modules/react-native-reanimated`)
  - RNScreens (from `../node_modules/react-native-screens`)
  - RNShare (from `../node_modules/react-native-share`)
  - RNSound (from `../node_modules/react-native-sound`)
  - RNSoundPlayer (from `../node_modules/react-native-sound-player`)
  - RNSVG (from `../node_modules/react-native-svg`)
  - RNVectorIcons (from `../node_modules/react-native-vector-icons`)
  - TextToSpeech (from `../node_modules/react-native-tts`)
  - Yoga (from `../node_modules/react-native/ReactCommon/yoga`)

SPEC REPOS:
  trunk:
    - BEMCheckBox
    - boost-for-react-native
    - CocoaAsyncSocket
    - Firebase
    - FirebaseCore
    - FirebaseCoreDiagnostics
    - FirebaseDynamicLinks
    - FirebaseInstallations
    - FirebaseMessaging
    - Flipper
    - Flipper-Boost-iOSX
    - Flipper-DoubleConversion
    - Flipper-Fmt
    - Flipper-Folly
    - Flipper-Glog
    - Flipper-PeerTalk
    - Flipper-RSocket
    - FlipperKit
    - fmt
    - GoogleDataTransport
    - GoogleUtilities
    - HTMLReader
    - KTVCocoaHTTPServer
    - KTVHTTPCache
    - libevent
    - libwebp
    - LinkPreviewKit
    - nanopb
    - OpenSSL-Universal
    - PromisesObjC
    - SDWebImage
    - SDWebImageWebPCoder
    - YogaKit

EXTERNAL SOURCES:
  BVLinearGradient:
    :path: "../node_modules/react-native-linear-gradient"
  DoubleConversion:
    :podspec: "../node_modules/react-native/third-party-podspecs/DoubleConversion.podspec"
  FBLazyVector:
    :path: "../node_modules/react-native/Libraries/FBLazyVector"
  FBReactNativeSpec:
    :path: "../node_modules/react-native/React/FBReactNativeSpec"
  glog:
    :podspec: "../node_modules/react-native/third-party-podspecs/glog.podspec"
  lowkey-react-native-link-preview:
    :path: "../node_modules/@lowkey/react-native-link-preview"
  RCT-Folly:
    :podspec: "../node_modules/react-native/third-party-podspecs/RCT-Folly.podspec"
  RCTRequired:
    :path: "../node_modules/react-native/Libraries/RCTRequired"
  RCTTypeSafety:
    :path: "../node_modules/react-native/Libraries/TypeSafety"
  React:
    :path: "../node_modules/react-native/"
  React-callinvoker:
    :path: "../node_modules/react-native/ReactCommon/callinvoker"
  React-Core:
    :path: "../node_modules/react-native/"
  React-CoreModules:
    :path: "../node_modules/react-native/React/CoreModules"
  React-cxxreact:
    :path: "../node_modules/react-native/ReactCommon/cxxreact"
  React-jsi:
    :path: "../node_modules/react-native/ReactCommon/jsi"
  React-jsiexecutor:
    :path: "../node_modules/react-native/ReactCommon/jsiexecutor"
  React-jsinspector:
    :path: "../node_modules/react-native/ReactCommon/jsinspector"
  react-native-background-timer:
    :path: "../node_modules/react-native-background-timer"
  react-native-contacts:
    :path: "../node_modules/react-native-contacts"
  react-native-create-thumbnail:
    :path: "../node_modules/react-native-create-thumbnail"
  react-native-date-picker:
    :path: "../node_modules/react-native-date-picker"
  react-native-document-picker:
    :path: "../node_modules/react-native-document-picker"
  react-native-image-picker:
    :path: "../node_modules/react-native-image-picker"
  react-native-netinfo:
    :path: "../node_modules/@react-native-community/netinfo"
  react-native-pager-view:
    :path: "../node_modules/react-native-pager-view"
  react-native-safe-area-context:
    :path: "../node_modules/react-native-safe-area-context"
  react-native-splash-screen:
    :path: "../node_modules/react-native-splash-screen"
  react-native-video:
    :path: "../node_modules/react-native-video"
  react-native-video-cache:
    :path: "../node_modules/react-native-video-cache"
  react-native-view-shot:
    :path: "../node_modules/react-native-view-shot"
  react-native-webview:
    :path: "../node_modules/react-native-webview"
  React-perflogger:
    :path: "../node_modules/react-native/ReactCommon/reactperflogger"
  React-RCTActionSheet:
    :path: "../node_modules/react-native/Libraries/ActionSheetIOS"
  React-RCTAnimation:
    :path: "../node_modules/react-native/Libraries/NativeAnimation"
  React-RCTBlob:
    :path: "../node_modules/react-native/Libraries/Blob"
  React-RCTImage:
    :path: "../node_modules/react-native/Libraries/Image"
  React-RCTLinking:
    :path: "../node_modules/react-native/Libraries/LinkingIOS"
  React-RCTNetwork:
    :path: "../node_modules/react-native/Libraries/Network"
  React-RCTSettings:
    :path: "../node_modules/react-native/Libraries/Settings"
  React-RCTText:
    :path: "../node_modules/react-native/Libraries/Text"
  React-RCTVibration:
    :path: "../node_modules/react-native/Libraries/Vibration"
  React-runtimeexecutor:
    :path: "../node_modules/react-native/ReactCommon/runtimeexecutor"
  ReactCommon:
    :path: "../node_modules/react-native/ReactCommon"
  RNAppleHealthKit:
    :path: "../node_modules/react-native-health"
  RNAudio:
    :path: "../node_modules/react-native-audio"
  RNAudioRecord:
    :path: "../node_modules/react-native-audio-record"
  RNBootSplash:
    :path: "../node_modules/react-native-bootsplash"
  RNCalendarEvents:
    :path: "../node_modules/react-native-calendar-events"
  RNCAsyncStorage:
    :path: "../node_modules/@react-native-async-storage/async-storage"
  RNCCheckbox:
    :path: "../node_modules/@react-native-community/checkbox"
  RNCMaskedView:
    :path: "../node_modules/@react-native-masked-view/masked-view"
  RNCPicker:
    :path: "../node_modules/@react-native-picker/picker"
  RNDeviceInfo:
    :path: "../node_modules/react-native-device-info"
  RNFastImage:
    :path: "../node_modules/react-native-fast-image"
  RNFBApp:
    :path: "../node_modules/@react-native-firebase/app"
  RNFBDynamicLinks:
    :path: "../node_modules/@react-native-firebase/dynamic-links"
  RNFBMessaging:
    :path: "../node_modules/@react-native-firebase/messaging"
  RNFS:
    :path: "../node_modules/react-native-fs"
  RNGestureHandler:
    :path: "../node_modules/react-native-gesture-handler"
  RNIap:
    :path: "../node_modules/react-native-iap"
  RNImageToPdf:
    :path: "../node_modules/react-native-image-to-pdf"
  RNReactNativeHapticFeedback:
    :path: "../node_modules/react-native-haptic-feedback"
  RNReanimated:
    :path: "../node_modules/react-native-reanimated"
  RNScreens:
    :path: "../node_modules/react-native-screens"
  RNShare:
    :path: "../node_modules/react-native-share"
  RNSound:
    :path: "../node_modules/react-native-sound"
  RNSoundPlayer:
    :path: "../node_modules/react-native-sound-player"
  RNSVG:
    :path: "../node_modules/react-native-svg"
  RNVectorIcons:
    :path: "../node_modules/react-native-vector-icons"
  TextToSpeech:
    :path: "../node_modules/react-native-tts"
  Yoga:
    :path: "../node_modules/react-native/ReactCommon/yoga"

SPEC CHECKSUMS:
  BEMCheckBox: 5ba6e37ade3d3657b36caecc35c8b75c6c2b1a4e
  boost-for-react-native: 39c7adb57c4e60d6c5479dd8623128eb5b3f0f2c
  BVLinearGradient: 916632041121a658c704df89d99f04acb038de0f
  CocoaAsyncSocket: 065fd1e645c7abab64f7a6a2007a48038fdc6a99
  DoubleConversion: 831926d9b8bf8166fd87886c4abab286c2422662
  FBLazyVector: 33c82491102f20ecddb6c6a2c273696ace3191e0
  FBReactNativeSpec: df8f81d2a7541ee6755a047b398a5cb5a72acd0e
  Firebase: 5f8193dff4b5b7c5d5ef72ae54bb76c08e2b841d
  FirebaseCore: 5743c5785c074a794d35f2fff7ecc254a91e08b1
  FirebaseCoreDiagnostics: 92e07a649aeb66352b319d43bdd2ee3942af84cb
  FirebaseDynamicLinks: 1dc816ef789c5adac6fede0b46d11478175c70e4
  FirebaseInstallations: 40bd9054049b2eae9a2c38ef1c3dd213df3605cd
  FirebaseMessaging: 5e5118a2383b3531e730d974680954c679ca0a13
  Flipper: b1fddf9a17c32097b2b4c806ad158b2f36bb2692
  Flipper-Boost-iOSX: fd1e2b8cbef7e662a122412d7ac5f5bea715403c
  Flipper-DoubleConversion: 57ffbe81ef95306cc9e69c4aa3aeeeeb58a6a28c
  Flipper-Fmt: 60cbdd92fc254826e61d669a5d87ef7015396a9b
  Flipper-Folly: 83af37379faa69497529e414bd43fbfc7cae259a
  Flipper-Glog: 1dfd6abf1e922806c52ceb8701a3599a79a200a6
  Flipper-PeerTalk: 116d8f857dc6ef55c7a5a75ea3ceaafe878aadc9
  Flipper-RSocket: d9d9ade67cbecf6ac10730304bf5607266dd2541
  FlipperKit: aec2d931adeee48a07bab1ea8bcc8a6bb87dfce4
  fmt: ff9d55029c625d3757ed641535fd4a75fedc7ce9
  glog: 5337263514dd6f09803962437687240c5dc39aa4
  GoogleDataTransport: 54dee9d48d14580407f8f5fbf2f496e92437a2f2
  GoogleUtilities: 13e2c67ede716b8741c7989e26893d151b2b2084
  HTMLReader: 1839a8505df3fb7a833e767759a799ce8e210de1
  KTVCocoaHTTPServer: df8d7b861e603ff8037e9b2138aca2563a6b768d
  KTVHTTPCache: 588c3eb16f6bd1e6fde1e230dabfb7bd4e490a4d
  libevent: 4049cae6c81cdb3654a443be001fb9bdceff7913
  libwebp: 33dc822fbbf4503668d09f7885bbfedc76c45e96
  LinkPreviewKit: d16933bdb90ad21bde386285abcb9dc207fabfdb
  lowkey-react-native-link-preview: 4b0bad3690a743bedc0242bbb9c4d86dbd5aa482
  nanopb: a0ba3315591a9ae0a16a309ee504766e90db0c96
  OpenSSL-Universal: 1aa4f6a6ee7256b83db99ec1ccdaa80d10f9af9b
  PromisesObjC: c50d2056b5253dadbd6c2bea79b0674bd5a52fa4
  RCT-Folly: 0dd9e1eb86348ecab5ba76f910b56f4b5fef3c46
  RCTRequired: 6cf071ab2adfd769014b3d94373744ee6e789530
  RCTTypeSafety: b829c59453478bb5b02487b8de3336386ab93ab1
  React: 29d8a785041b96a2754c25cc16ddea57b7a618ce
  React-callinvoker: 2857b61132bd7878b736e282581f4b42fd93002b
  React-Core: 001e21bad5ca41e59e9d90df5c0b53da04c3ce8e
  React-CoreModules: 0a0410ab296a62ab38e2f8d321e822d1fcc2fe49
  React-cxxreact: 8d904967134ae8ff0119c5357c42eaae976806f8
  React-jsi: 12913c841713a15f64eabf5c9ad98592c0ec5940
  React-jsiexecutor: 43f2542aed3c26e42175b339f8d37fe3dd683765
  React-jsinspector: 41e58e5b8e3e0bf061fdf725b03f2144014a8fb0
  react-native-background-timer: 17ea5e06803401a379ebf1f20505b793ac44d0fe
  react-native-contacts: 61971364bf9f11a846587eeb736a4e65632815d4
  react-native-create-thumbnail: e022bcdcba8a0b4529a50d3fa1a832ec921be39d
  react-native-date-picker: 8847cb359cf259ddae5ed165217e15573a654519
  react-native-document-picker: ec07866a30707f23660c0f3ae591d669d3e89096
  react-native-image-picker: 60f4246eb5bb7187fc15638a8c1f13abd3820695
  react-native-netinfo: fefd4e98d75cbdd6e85fc530f7111a8afdf2b0c5
  react-native-pager-view: da490aa1f902c9a5aeecf0909cc975ad0e92e53e
  react-native-safe-area-context: 9e40fb181dac02619414ba1294d6c2a807056ab9
  react-native-splash-screen: 4312f786b13a81b5169ef346d76d33bc0c6dc457
  react-native-video: c26780b224543c62d5e1b2a7244a5cd1b50e8253
  react-native-video-cache: 1f3d0b6841c9cc962ded4ba70b412f121c8e9620
  react-native-view-shot: f5507655f122e6b104888a11130f267a427f0d57
  react-native-webview: 9f111dfbcfc826084d6c507f569e5e03342ee1c1
  React-perflogger: fd28ee1f2b5b150b00043f0301d96bd417fdc339
  React-RCTActionSheet: 7f3fa0855c346aa5d7c60f9ced16e067db6d29fa
  React-RCTAnimation: 2119a18ee26159004b001bc56404ca5dbaae6077
  React-RCTBlob: a493cc306deeaba0c0efa8ecec2da154afd3a798
  React-RCTImage: 54999ddc896b7db6650af5760607aaebdf30425c
  React-RCTLinking: 7fb3fa6397d3700c69c3d361870a299f04f1a2e6
  React-RCTNetwork: 329ee4f75bd2deb8cf6c4b14231b5bb272cbd9af
  React-RCTSettings: 1a659d58e45719bc77c280dbebce6a5a5a2733f5
  React-RCTText: e12d7aae2a038be9ae72815436677a7c6549dd26
  React-RCTVibration: 92d41c2442e5328cc4d342cd7f78e5876b68bae5
  React-runtimeexecutor: 85187f19dd9c47a7c102f9994f9d14e4dc2110de
  ReactCommon: eafed38eec7b591c31751bfa7494801618460459
  RNAppleHealthKit: 60a6beefdd89a75811e9a8873a5e24f351dee681
  RNAudio: cae2991f2dccb75163f260b60da8051717b959fa
  RNAudioRecord: 162fee3b8fb628773ec704bf0333823125be2ed7
  RNBootSplash: 85f6b879c080e958afdb4c62ee04497b05fd7552
  RNCalendarEvents: 7e65eb4a94f53c1744d1e275f7fafcfaa619f7a3
  RNCAsyncStorage: c913ede1fa163a71cea118ed4670bbaaa4b511bb
  RNCCheckbox: 75255b03e604bbcc26411eb31c4cbe3e3865f538
  RNCMaskedView: 949696f25ec596bfc697fc88e6f95cf0c79669b6
  RNCPicker: 0991c56da7815c0cf946d6f63cf920b25296e5f6
  RNDeviceInfo: aad3c663b25752a52bf8fce93f2354001dd185aa
  RNFastImage: 5c9c9fed9c076e521b3f509fe79e790418a544e8
  RNFBApp: e4439717c23252458da2b41b81b4b475c86f90c4
  RNFBDynamicLinks: 538840f6e3f58511f857d15df1bc25ed655dc283
  RNFBMessaging: 40dac204b4197a2661dec5be964780c6ec39bf65
  RNFS: 4ac0f0ea233904cb798630b3c077808c06931688
  RNGestureHandler: a479ebd5ed4221a810967000735517df0d2db211
  RNIap: f632e0685e37759e1a63651868d38fd08efe9a87
  RNImageToPdf: 43fd91d019b3ee8ae6aba7f2d8c40ca4a55088ff
  RNReactNativeHapticFeedback: afa5bf2794aecbb2dba2525329253da0d66656df
  RNReanimated: ad24db8af24e3fe1b5c462785bc3db8d5baae2ee
  RNScreens: 85d3880b52d34db7b8eeebe2f1a0e807c05e69fa
  RNShare: a5dc3b9c53ddc73e155b8cd9a94c70c91913c43c
  RNSound: 6c156f925295bdc83e8e422e7d8b38d33bc71852
  RNSoundPlayer: 6b5532fb8e9afe17af48e62813c80ad568aea5d3
  RNSVG: ed492aaf3af9ca01bc945f7a149d76d62e73ec82
  RNVectorIcons: 31cebfcf94e8cf8686eb5303ae0357da64d7a5a4
  SDWebImage: a7f831e1a65eb5e285e3fb046a23fcfbf08e696d
  SDWebImageWebPCoder: 908b83b6adda48effe7667cd2b7f78c897e5111d
  TextToSpeech: b3aa777ff5585705f179c0a2436bfd0926d1716e
  Yoga: aa0cb45287ebe1004c02a13f279c55a95f1572f4
  YogaKit: f782866e155069a2cca2517aafea43200b01fd5a

PODFILE CHECKSUM: e7a4c46e6bd672790102ba34aecfeecb1e47475b

COCOAPODS: 1.13.0
